// !$*UTF8*$!
{
	archiveVersion = 1;
	classes = {
	};
	objectVersion = 46;
	objects = {

/* Begin PBXBuildFile section */
		1A096FE21FCD01B30081F869 /* TableViewController.swift in Sources */ = {isa = PBXBuildFile; fileRef = 1A096FE11FCD01B30081F869 /* TableViewController.swift */; };
		1A096FE41FCD04260081F869 /* TableViewCell.swift in Sources */ = {isa = PBXBuildFile; fileRef = 1A096FE31FCD04260081F869 /* TableViewCell.swift */; };
		1A097D18200E555E006C6192 /* LYPlayer.xcassets in Resources */ = {isa = PBXBuildFile; fileRef = 1A097D0D200E555D006C6192 /* LYPlayer.xcassets */; };
		1A097D1A200E555E006C6192 /* LYPlayButton.swift in Sources */ = {isa = PBXBuildFile; fileRef = 1A097D0F200E555D006C6192 /* LYPlayButton.swift */; };
		1A097D1B200E555E006C6192 /* LYPlayerModel.swift in Sources */ = {isa = PBXBuildFile; fileRef = 1A097D10200E555D006C6192 /* LYPlayerModel.swift */; };
		1A097D1C200E555E006C6192 /* LYPlayer.swift in Sources */ = {isa = PBXBuildFile; fileRef = 1A097D11200E555D006C6192 /* LYPlayer.swift */; };
		1A097D1D200E555E006C6192 /* LYPlayerView.swift in Sources */ = {isa = PBXBuildFile; fileRef = 1A097D12200E555D006C6192 /* LYPlayerView.swift */; };
		1A097D1E200E555E006C6192 /* LYGestureView.swift in Sources */ = {isa = PBXBuildFile; fileRef = 1A097D13200E555D006C6192 /* LYGestureView.swift */; };
		1A097D1F200E555E006C6192 /* LYProgressSlider.swift in Sources */ = {isa = PBXBuildFile; fileRef = 1A097D14200E555D006C6192 /* LYProgressSlider.swift */; };
		1A097D20200E555E006C6192 /* LYBrightnessView.swift in Sources */ = {isa = PBXBuildFile; fileRef = 1A097D15200E555E006C6192 /* LYBrightnessView.swift */; };
		1A097D21200E555E006C6192 /* LYExtension.swift in Sources */ = {isa = PBXBuildFile; fileRef = 1A097D16200E555E006C6192 /* LYExtension.swift */; };
		1A097D22200E555E006C6192 /* LYNormalPlayerView.swift in Sources */ = {isa = PBXBuildFile; fileRef = 1A097D17200E555E006C6192 /* LYNormalPlayerView.swift */; };
		1A32023F20188BD600ADCA0E /* BaseNavigationController.swift in Sources */ = {isa = PBXBuildFile; fileRef = 1A32023E20188BD600ADCA0E /* BaseNavigationController.swift */; };
		1A32024120188C9900ADCA0E /* BaseViewController.swift in Sources */ = {isa = PBXBuildFile; fileRef = 1A32024020188C9900ADCA0E /* BaseViewController.swift */; };
		1A32024320188D4200ADCA0E /* ViewController.swift in Sources */ = {isa = PBXBuildFile; fileRef = 1A32024220188D4200ADCA0E /* ViewController.swift */; };
		1A32D7FD202014C100FC8271 /* LYSeekView.swift in Sources */ = {isa = PBXBuildFile; fileRef = 1A32D7FC202014C100FC8271 /* LYSeekView.swift */; };
		1A410E9D2045953E00232498 /* LYShadeView.swift in Sources */ = {isa = PBXBuildFile; fileRef = 1A410E9C2045953E00232498 /* LYShadeView.swift */; };
		1A605D7E2043AB18003DA700 /* EidtPlayerVC.swift in Sources */ = {isa = PBXBuildFile; fileRef = 1A605D7D2043AB18003DA700 /* EidtPlayerVC.swift */; };
		611FDE775DDBDD1F586BE273 /* Pods_LYPlayerExample.framework in Frameworks */ = {isa = PBXBuildFile; fileRef = 839ACA3FFDDC7AA9E7DF49CE /* Pods_LYPlayerExample.framework */; };
		A49DACC71ED31AA1004378B0 /* AppDelegate.swift in Sources */ = {isa = PBXBuildFile; fileRef = A49DACC61ED31AA1004378B0 /* AppDelegate.swift */; };
		A49DACCC1ED31AA1004378B0 /* Main.storyboard in Resources */ = {isa = PBXBuildFile; fileRef = A49DACCA1ED31AA1004378B0 /* Main.storyboard */; };
		A49DACCE1ED31AA1004378B0 /* Assets.xcassets in Resources */ = {isa = PBXBuildFile; fileRef = A49DACCD1ED31AA1004378B0 /* Assets.xcassets */; };
		A49DACD11ED31AA1004378B0 /* LaunchScreen.storyboard in Resources */ = {isa = PBXBuildFile; fileRef = A49DACCF1ED31AA1004378B0 /* LaunchScreen.storyboard */; };
		A4D027131EE13CFA00FAF312 /* NormalPlayerVC.swift in Sources */ = {isa = PBXBuildFile; fileRef = A4D027121EE13CFA00FAF312 /* NormalPlayerVC.swift */; };
/* End PBXBuildFile section */

/* Begin PBXFileReference section */
		1A096FE11FCD01B30081F869 /* TableViewController.swift */ = {isa = PBXFileReference; lastKnownFileType = sourcecode.swift; path = TableViewController.swift; sourceTree = "<group>"; };
		1A096FE31FCD04260081F869 /* TableViewCell.swift */ = {isa = PBXFileReference; lastKnownFileType = sourcecode.swift; path = TableViewCell.swift; sourceTree = "<group>"; };
		1A097D0D200E555D006C6192 /* LYPlayer.xcassets */ = {isa = PBXFileReference; lastKnownFileType = folder.assetcatalog; path = LYPlayer.xcassets; sourceTree = "<group>"; };
		1A097D0F200E555D006C6192 /* LYPlayButton.swift */ = {isa = PBXFileReference; fileEncoding = 4; lastKnownFileType = sourcecode.swift; path = LYPlayButton.swift; sourceTree = "<group>"; };
		1A097D10200E555D006C6192 /* LYPlayerModel.swift */ = {isa = PBXFileReference; fileEncoding = 4; lastKnownFileType = sourcecode.swift; path = LYPlayerModel.swift; sourceTree = "<group>"; };
		1A097D11200E555D006C6192 /* LYPlayer.swift */ = {isa = PBXFileReference; fileEncoding = 4; lastKnownFileType = sourcecode.swift; path = LYPlayer.swift; sourceTree = "<group>"; };
		1A097D12200E555D006C6192 /* LYPlayerView.swift */ = {isa = PBXFileReference; fileEncoding = 4; lastKnownFileType = sourcecode.swift; path = LYPlayerView.swift; sourceTree = "<group>"; };
		1A097D13200E555D006C6192 /* LYGestureView.swift */ = {isa = PBXFileReference; fileEncoding = 4; lastKnownFileType = sourcecode.swift; path = LYGestureView.swift; sourceTree = "<group>"; };
		1A097D14200E555D006C6192 /* LYProgressSlider.swift */ = {isa = PBXFileReference; fileEncoding = 4; lastKnownFileType = sourcecode.swift; path = LYProgressSlider.swift; sourceTree = "<group>"; };
		1A097D15200E555E006C6192 /* LYBrightnessView.swift */ = {isa = PBXFileReference; fileEncoding = 4; lastKnownFileType = sourcecode.swift; path = LYBrightnessView.swift; sourceTree = "<group>"; };
		1A097D16200E555E006C6192 /* LYExtension.swift */ = {isa = PBXFileReference; fileEncoding = 4; lastKnownFileType = sourcecode.swift; path = LYExtension.swift; sourceTree = "<group>"; };
		1A097D17200E555E006C6192 /* LYNormalPlayerView.swift */ = {isa = PBXFileReference; fileEncoding = 4; lastKnownFileType = sourcecode.swift; path = LYNormalPlayerView.swift; sourceTree = "<group>"; };
		1A32023E20188BD600ADCA0E /* BaseNavigationController.swift */ = {isa = PBXFileReference; lastKnownFileType = sourcecode.swift; path = BaseNavigationController.swift; sourceTree = "<group>"; };
		1A32024020188C9900ADCA0E /* BaseViewController.swift */ = {isa = PBXFileReference; lastKnownFileType = sourcecode.swift; path = BaseViewController.swift; sourceTree = "<group>"; };
		1A32024220188D4200ADCA0E /* ViewController.swift */ = {isa = PBXFileReference; lastKnownFileType = sourcecode.swift; path = ViewController.swift; sourceTree = "<group>"; };
		1A32D7FC202014C100FC8271 /* LYSeekView.swift */ = {isa = PBXFileReference; lastKnownFileType = sourcecode.swift; path = LYSeekView.swift; sourceTree = "<group>"; };
		1A410E9C2045953E00232498 /* LYShadeView.swift */ = {isa = PBXFileReference; lastKnownFileType = sourcecode.swift; path = LYShadeView.swift; sourceTree = "<group>"; };
		1A605D7D2043AB18003DA700 /* EidtPlayerVC.swift */ = {isa = PBXFileReference; lastKnownFileType = sourcecode.swift; path = EidtPlayerVC.swift; sourceTree = "<group>"; };
		5EE2E13C210A6BAEB2CA582A /* Pods-LYPlayerExample.release.xcconfig */ = {isa = PBXFileReference; includeInIndex = 1; lastKnownFileType = text.xcconfig; name = "Pods-LYPlayerExample.release.xcconfig"; path = "Pods/Target Support Files/Pods-LYPlayerExample/Pods-LYPlayerExample.release.xcconfig"; sourceTree = "<group>"; };
		839ACA3FFDDC7AA9E7DF49CE /* Pods_LYPlayerExample.framework */ = {isa = PBXFileReference; explicitFileType = wrapper.framework; includeInIndex = 0; path = Pods_LYPlayerExample.framework; sourceTree = BUILT_PRODUCTS_DIR; };
		A49DACC31ED31AA1004378B0 /* LYPlayerExample.app */ = {isa = PBXFileReference; explicitFileType = wrapper.application; includeInIndex = 0; path = LYPlayerExample.app; sourceTree = BUILT_PRODUCTS_DIR; };
		A49DACC61ED31AA1004378B0 /* AppDelegate.swift */ = {isa = PBXFileReference; lastKnownFileType = sourcecode.swift; path = AppDelegate.swift; sourceTree = "<group>"; };
		A49DACCB1ED31AA1004378B0 /* Base */ = {isa = PBXFileReference; lastKnownFileType = file.storyboard; name = Base; path = Base.lproj/Main.storyboard; sourceTree = "<group>"; };
		A49DACCD1ED31AA1004378B0 /* Assets.xcassets */ = {isa = PBXFileReference; lastKnownFileType = folder.assetcatalog; path = Assets.xcassets; sourceTree = "<group>"; };
		A49DACD01ED31AA1004378B0 /* Base */ = {isa = PBXFileReference; lastKnownFileType = file.storyboard; name = Base; path = Base.lproj/LaunchScreen.storyboard; sourceTree = "<group>"; };
		A49DACD21ED31AA1004378B0 /* Info.plist */ = {isa = PBXFileReference; lastKnownFileType = text.plist.xml; path = Info.plist; sourceTree = "<group>"; };
		A4D027121EE13CFA00FAF312 /* NormalPlayerVC.swift */ = {isa = PBXFileReference; fileEncoding = 4; lastKnownFileType = sourcecode.swift; path = NormalPlayerVC.swift; sourceTree = "<group>"; };
		E324F7939661CEC7045626AA /* Pods-LYPlayerExample.debug.xcconfig */ = {isa = PBXFileReference; includeInIndex = 1; lastKnownFileType = text.xcconfig; name = "Pods-LYPlayerExample.debug.xcconfig"; path = "Pods/Target Support Files/Pods-LYPlayerExample/Pods-LYPlayerExample.debug.xcconfig"; sourceTree = "<group>"; };
/* End PBXFileReference section */

/* Begin PBXFrameworksBuildPhase section */
		A49DACC01ED31AA1004378B0 /* Frameworks */ = {
			isa = PBXFrameworksBuildPhase;
			buildActionMask = 2147483647;
			files = (
				611FDE775DDBDD1F586BE273 /* Pods_LYPlayerExample.framework in Frameworks */,
			);
			runOnlyForDeploymentPostprocessing = 0;
		};
/* End PBXFrameworksBuildPhase section */

/* Begin PBXGroup section */
		13F3AE9D349DA98B269DE3F4 /* Pods */ = {
			isa = PBXGroup;
			children = (
				E324F7939661CEC7045626AA /* Pods-LYPlayerExample.debug.xcconfig */,
				5EE2E13C210A6BAEB2CA582A /* Pods-LYPlayerExample.release.xcconfig */,
			);
			name = Pods;
			sourceTree = "<group>";
		};
		1A3202442018903C00ADCA0E /* BaseClass */ = {
			isa = PBXGroup;
			children = (
				1A32023E20188BD600ADCA0E /* BaseNavigationController.swift */,
				1A32024020188C9900ADCA0E /* BaseViewController.swift */,
			);
			path = BaseClass;
			sourceTree = "<group>";
		};
		1A3202462018906C00ADCA0E /* Application */ = {
			isa = PBXGroup;
			children = (
				A49DACC61ED31AA1004378B0 /* AppDelegate.swift */,
			);
			path = Application;
			sourceTree = "<group>";
		};
		1A3202472018908300ADCA0E /* Item1 */ = {
			isa = PBXGroup;
			children = (
				1A605D7D2043AB18003DA700 /* EidtPlayerVC.swift */,
				A4D027121EE13CFA00FAF312 /* NormalPlayerVC.swift */,
			);
			path = Item1;
			sourceTree = "<group>";
		};
		1A3202482018909E00ADCA0E /* Item2 */ = {
			isa = PBXGroup;
			children = (
				1A096FE11FCD01B30081F869 /* TableViewController.swift */,
				1A096FE31FCD04260081F869 /* TableViewCell.swift */,
			);
			path = Item2;
			sourceTree = "<group>";
		};
		5C6A9D637F7E22F6108E8311 /* Frameworks */ = {
			isa = PBXGroup;
			children = (
				839ACA3FFDDC7AA9E7DF49CE /* Pods_LYPlayerExample.framework */,
			);
			name = Frameworks;
			sourceTree = "<group>";
		};
		A49DACBA1ED31AA1004378B0 = {
			isa = PBXGroup;
			children = (
				A49DACC51ED31AA1004378B0 /* LYPlayerExample */,
				A49DACC41ED31AA1004378B0 /* Products */,
				13F3AE9D349DA98B269DE3F4 /* Pods */,
				5C6A9D637F7E22F6108E8311 /* Frameworks */,
			);
			sourceTree = "<group>";
		};
		A49DACC41ED31AA1004378B0 /* Products */ = {
			isa = PBXGroup;
			children = (
				A49DACC31ED31AA1004378B0 /* LYPlayerExample.app */,
			);
			name = Products;
			sourceTree = "<group>";
		};
		A49DACC51ED31AA1004378B0 /* LYPlayerExample */ = {
			isa = PBXGroup;
			children = (
				A49DACD81ED31AC6004378B0 /* LYPlayer */,
				1A3202472018908300ADCA0E /* Item1 */,
				1A3202482018909E00ADCA0E /* Item2 */,
				1A3202462018906C00ADCA0E /* Application */,
				1A3202442018903C00ADCA0E /* BaseClass */,
				A49DACCA1ED31AA1004378B0 /* Main.storyboard */,
				1A32024220188D4200ADCA0E /* ViewController.swift */,
				A49DACCD1ED31AA1004378B0 /* Assets.xcassets */,
				A49DACCF1ED31AA1004378B0 /* LaunchScreen.storyboard */,
				A49DACD21ED31AA1004378B0 /* Info.plist */,
			);
			path = LYPlayerExample;
			sourceTree = "<group>";
		};
		A49DACD81ED31AC6004378B0 /* LYPlayer */ = {
			isa = PBXGroup;
			children = (
				1A097D0D200E555D006C6192 /* LYPlayer.xcassets */,
				1A097D10200E555D006C6192 /* LYPlayerModel.swift */,
				1A097D11200E555D006C6192 /* LYPlayer.swift */,
				1A097D12200E555D006C6192 /* LYPlayerView.swift */,
				1A097D17200E555E006C6192 /* LYNormalPlayerView.swift */,
				1A097D16200E555E006C6192 /* LYExtension.swift */,
				1A410E9C2045953E00232498 /* LYShadeView.swift */,
				1A097D15200E555E006C6192 /* LYBrightnessView.swift */,
				1A32D7FC202014C100FC8271 /* LYSeekView.swift */,
				1A097D0F200E555D006C6192 /* LYPlayButton.swift */,
				1A097D13200E555D006C6192 /* LYGestureView.swift */,
				1A097D14200E555D006C6192 /* LYProgressSlider.swift */,
			);
			path = LYPlayer;
			sourceTree = "<group>";
		};
/* End PBXGroup section */

/* Begin PBXNativeTarget section */
		A49DACC21ED31AA1004378B0 /* LYPlayerExample */ = {
			isa = PBXNativeTarget;
			buildConfigurationList = A49DACD51ED31AA1004378B0 /* Build configuration list for PBXNativeTarget "LYPlayerExample" */;
			buildPhases = (
				4598277CCD7C2D5FFAECC176 /* [CP] Check Pods Manifest.lock */,
				A49DACBF1ED31AA1004378B0 /* Sources */,
				A49DACC01ED31AA1004378B0 /* Frameworks */,
				A49DACC11ED31AA1004378B0 /* Resources */,
				469F46BD42EC96EC49904942 /* [CP] Embed Pods Frameworks */,
				D781E3F2F2B136CFA359A182 /* [CP] Copy Pods Resources */,
			);
			buildRules = (
			);
			dependencies = (
			);
			name = LYPlayerExample;
			productName = LYPlayerExample;
			productReference = A49DACC31ED31AA1004378B0 /* LYPlayerExample.app */;
			productType = "com.apple.product-type.application";
		};
/* End PBXNativeTarget section */

/* Begin PBXProject section */
		A49DACBB1ED31AA1004378B0 /* Project object */ = {
			isa = PBXProject;
			attributes = {
				LastSwiftUpdateCheck = 0830;
				LastUpgradeCheck = 0830;
				ORGANIZATIONNAME = LYCoder;
				TargetAttributes = {
					A49DACC21ED31AA1004378B0 = {
						CreatedOnToolsVersion = 8.3;
						DevelopmentTeam = WMW74G89JH;
						ProvisioningStyle = Automatic;
					};
				};
			};
			buildConfigurationList = A49DACBE1ED31AA1004378B0 /* Build configuration list for PBXProject "LYPlayerExample" */;
			compatibilityVersion = "Xcode 3.2";
			developmentRegion = English;
			hasScannedForEncodings = 0;
			knownRegions = (
				en,
				Base,
			);
			mainGroup = A49DACBA1ED31AA1004378B0;
			productRefGroup = A49DACC41ED31AA1004378B0 /* Products */;
			projectDirPath = "";
			projectRoot = "";
			targets = (
				A49DACC21ED31AA1004378B0 /* LYPlayerExample */,
			);
		};
/* End PBXProject section */

/* Begin PBXResourcesBuildPhase section */
		A49DACC11ED31AA1004378B0 /* Resources */ = {
			isa = PBXResourcesBuildPhase;
			buildActionMask = 2147483647;
			files = (
				A49DACD11ED31AA1004378B0 /* LaunchScreen.storyboard in Resources */,
				A49DACCE1ED31AA1004378B0 /* Assets.xcassets in Resources */,
				A49DACCC1ED31AA1004378B0 /* Main.storyboard in Resources */,
				1A097D18200E555E006C6192 /* LYPlayer.xcassets in Resources */,
			);
			runOnlyForDeploymentPostprocessing = 0;
		};
/* End PBXResourcesBuildPhase section */

/* Begin PBXShellScriptBuildPhase section */
		4598277CCD7C2D5FFAECC176 /* [CP] Check Pods Manifest.lock */ = {
			isa = PBXShellScriptBuildPhase;
			buildActionMask = 2147483647;
			files = (
			);
			inputPaths = (
				"${PODS_PODFILE_DIR_PATH}/Podfile.lock",
				"${PODS_ROOT}/Manifest.lock",
			);
			name = "[CP] Check Pods Manifest.lock";
			outputPaths = (
				"$(DERIVED_FILE_DIR)/Pods-LYPlayerExample-checkManifestLockResult.txt",
			);
			runOnlyForDeploymentPostprocessing = 0;
			shellPath = /bin/sh;
			shellScript = "diff \"${PODS_PODFILE_DIR_PATH}/Podfile.lock\" \"${PODS_ROOT}/Manifest.lock\" > /dev/null\nif [ $? != 0 ] ; then\n    # print error to STDERR\n    echo \"error: The sandbox is not in sync with the Podfile.lock. Run 'pod install' or update your CocoaPods installation.\" >&2\n    exit 1\nfi\n# This output is used by Xcode 'outputs' to avoid re-running this script phase.\necho \"SUCCESS\" > \"${SCRIPT_OUTPUT_FILE_0}\"\n";
			showEnvVarsInLog = 0;
		};
		469F46BD42EC96EC49904942 /* [CP] Embed Pods Frameworks */ = {
			isa = PBXShellScriptBuildPhase;
			buildActionMask = 2147483647;
			files = (
			);
			inputPaths = (
				"${SRCROOT}/Pods/Target Support Files/Pods-LYPlayerExample/Pods-LYPlayerExample-frameworks.sh",
				"${BUILT_PRODUCTS_DIR}/RTRootNavigationController/RTRootNavigationController.framework",
				"${BUILT_PRODUCTS_DIR}/SnapKit/SnapKit.framework",
			);
			name = "[CP] Embed Pods Frameworks";
			outputPaths = (
				"${TARGET_BUILD_DIR}/${FRAMEWORKS_FOLDER_PATH}/RTRootNavigationController.framework",
				"${TARGET_BUILD_DIR}/${FRAMEWORKS_FOLDER_PATH}/SnapKit.framework",
			);
			runOnlyForDeploymentPostprocessing = 0;
			shellPath = /bin/sh;
			shellScript = "\"${SRCROOT}/Pods/Target Support Files/Pods-LYPlayerExample/Pods-LYPlayerExample-frameworks.sh\"\n";
			showEnvVarsInLog = 0;
		};
		D781E3F2F2B136CFA359A182 /* [CP] Copy Pods Resources */ = {
			isa = PBXShellScriptBuildPhase;
			buildActionMask = 2147483647;
			files = (
			);
			inputPaths = (
			);
			name = "[CP] Copy Pods Resources";
			outputPaths = (
			);
			runOnlyForDeploymentPostprocessing = 0;
			shellPath = /bin/sh;
			shellScript = "\"${SRCROOT}/Pods/Target Support Files/Pods-LYPlayerExample/Pods-LYPlayerExample-resources.sh\"\n";
			showEnvVarsInLog = 0;
		};
/* End PBXShellScriptBuildPhase section */

/* Begin PBXSourcesBuildPhase section */
		A49DACBF1ED31AA1004378B0 /* Sources */ = {
			isa = PBXSourcesBuildPhase;
			buildActionMask = 2147483647;
			files = (
				1A097D1A200E555E006C6192 /* LYPlayButton.swift in Sources */,
				1A096FE41FCD04260081F869 /* TableViewCell.swift in Sources */,
				1A097D20200E555E006C6192 /* LYBrightnessView.swift in Sources */,
				1A097D1F200E555E006C6192 /* LYProgressSlider.swift in Sources */,
				1A096FE21FCD01B30081F869 /* TableViewController.swift in Sources */,
				1A097D1C200E555E006C6192 /* LYPlayer.swift in Sources */,
				1A410E9D2045953E00232498 /* LYShadeView.swift in Sources */,
				1A097D1B200E555E006C6192 /* LYPlayerModel.swift in Sources */,
				1A32D7FD202014C100FC8271 /* LYSeekView.swift in Sources */,
				1A097D1E200E555E006C6192 /* LYGestureView.swift in Sources */,
				1A32023F20188BD600ADCA0E /* BaseNavigationController.swift in Sources */,
				1A32024320188D4200ADCA0E /* ViewController.swift in Sources */,
				1A097D1D200E555E006C6192 /* LYPlayerView.swift in Sources */,
				1A097D21200E555E006C6192 /* LYExtension.swift in Sources */,
				A49DACC71ED31AA1004378B0 /* AppDelegate.swift in Sources */,
				1A32024120188C9900ADCA0E /* BaseViewController.swift in Sources */,
				A4D027131EE13CFA00FAF312 /* NormalPlayerVC.swift in Sources */,
				1A097D22200E555E006C6192 /* LYNormalPlayerView.swift in Sources */,
				1A605D7E2043AB18003DA700 /* EidtPlayerVC.swift in Sources */,
			);
			runOnlyForDeploymentPostprocessing = 0;
		};
/* End PBXSourcesBuildPhase section */

/* Begin PBXVariantGroup section */
		A49DACCA1ED31AA1004378B0 /* Main.storyboard */ = {
			isa = PBXVariantGroup;
			children = (
				A49DACCB1ED31AA1004378B0 /* Base */,
			);
			name = Main.storyboard;
			sourceTree = "<group>";
		};
		A49DACCF1ED31AA1004378B0 /* LaunchScreen.storyboard */ = {
			isa = PBXVariantGroup;
			children = (
				A49DACD01ED31AA1004378B0 /* Base */,
			);
			name = LaunchScreen.storyboard;
			sourceTree = "<group>";
		};
/* End PBXVariantGroup section */

/* Begin XCBuildConfiguration section */
		A49DACD31ED31AA1004378B0 /* Debug */ = {
			isa = XCBuildConfiguration;
			buildSettings = {
				ALWAYS_SEARCH_USER_PATHS = NO;
				CLANG_ANALYZER_NONNULL = YES;
				CLANG_ANALYZER_NUMBER_OBJECT_CONVERSION = YES_AGGRESSIVE;
				CLANG_CXX_LANGUAGE_STANDARD = "gnu++0x";
				CLANG_CXX_LIBRARY = "libc++";
				CLANG_ENABLE_MODULES = YES;
				CLANG_ENABLE_OBJC_ARC = YES;
				CLANG_WARN_BOOL_CONVERSION = YES;
				CLANG_WARN_CONSTANT_CONVERSION = YES;
				CLANG_WARN_DIRECT_OBJC_ISA_USAGE = YES_ERROR;
				CLANG_WARN_DOCUMENTATION_COMMENTS = YES;
				CLANG_WARN_EMPTY_BODY = YES;
				CLANG_WARN_ENUM_CONVERSION = YES;
				CLANG_WARN_INFINITE_RECURSION = YES;
				CLANG_WARN_INT_CONVERSION = YES;
				CLANG_WARN_OBJC_ROOT_CLASS = YES_ERROR;
				CLANG_WARN_SUSPICIOUS_MOVE = YES;
				CLANG_WARN_UNREACHABLE_CODE = YES;
				CLANG_WARN__DUPLICATE_METHOD_MATCH = YES;
				"CODE_SIGN_IDENTITY[sdk=iphoneos*]" = "iPhone Developer";
				COPY_PHASE_STRIP = NO;
				DEBUG_INFORMATION_FORMAT = dwarf;
				ENABLE_STRICT_OBJC_MSGSEND = YES;
				ENABLE_TESTABILITY = YES;
				GCC_C_LANGUAGE_STANDARD = gnu99;
				GCC_DYNAMIC_NO_PIC = NO;
				GCC_NO_COMMON_BLOCKS = YES;
				GCC_OPTIMIZATION_LEVEL = 0;
				GCC_PREPROCESSOR_DEFINITIONS = (
					"DEBUG=1",
					"$(inherited)",
				);
				GCC_WARN_64_TO_32_BIT_CONVERSION = YES;
				GCC_WARN_ABOUT_RETURN_TYPE = YES_ERROR;
				GCC_WARN_UNDECLARED_SELECTOR = YES;
				GCC_WARN_UNINITIALIZED_AUTOS = YES_AGGRESSIVE;
				GCC_WARN_UNUSED_FUNCTION = YES;
				GCC_WARN_UNUSED_VARIABLE = YES;
				IPHONEOS_DEPLOYMENT_TARGET = 8.0;
				MTL_ENABLE_DEBUG_INFO = YES;
				ONLY_ACTIVE_ARCH = YES;
				SDKROOT = iphoneos;
				SWIFT_ACTIVE_COMPILATION_CONDITIONS = DEBUG;
				SWIFT_OPTIMIZATION_LEVEL = "-Onone";
			};
			name = Debug;
		};
		A49DACD41ED31AA1004378B0 /* Release */ = {
			isa = XCBuildConfiguration;
			buildSettings = {
				ALWAYS_SEARCH_USER_PATHS = NO;
				CLANG_ANALYZER_NONNULL = YES;
				CLANG_ANALYZER_NUMBER_OBJECT_CONVERSION = YES_AGGRESSIVE;
				CLANG_CXX_LANGUAGE_STANDARD = "gnu++0x";
				CLANG_CXX_LIBRARY = "libc++";
				CLANG_ENABLE_MODULES = YES;
				CLANG_ENABLE_OBJC_ARC = YES;
				CLANG_WARN_BOOL_CONVERSION = YES;
				CLANG_WARN_CONSTANT_CONVERSION = YES;
				CLANG_WARN_DIRECT_OBJC_ISA_USAGE = YES_ERROR;
				CLANG_WARN_DOCUMENTATION_COMMENTS = YES;
				CLANG_WARN_EMPTY_BODY = YES;
				CLANG_WARN_ENUM_CONVERSION = YES;
				CLANG_WARN_INFINITE_RECURSION = YES;
				CLANG_WARN_INT_CONVERSION = YES;
				CLANG_WARN_OBJC_ROOT_CLASS = YES_ERROR;
				CLANG_WARN_SUSPICIOUS_MOVE = YES;
				CLANG_WARN_UNREACHABLE_CODE = YES;
				CLANG_WARN__DUPLICATE_METHOD_MATCH = YES;
				"CODE_SIGN_IDENTITY[sdk=iphoneos*]" = "iPhone Developer";
				COPY_PHASE_STRIP = NO;
				DEBUG_INFORMATION_FORMAT = "dwarf-with-dsym";
				ENABLE_NS_ASSERTIONS = NO;
				ENABLE_STRICT_OBJC_MSGSEND = YES;
				GCC_C_LANGUAGE_STANDARD = gnu99;
				GCC_NO_COMMON_BLOCKS = YES;
				GCC_WARN_64_TO_32_BIT_CONVERSION = YES;
				GCC_WARN_ABOUT_RETURN_TYPE = YES_ERROR;
				GCC_WARN_UNDECLARED_SELECTOR = YES;
				GCC_WARN_UNINITIALIZED_AUTOS = YES_AGGRESSIVE;
				GCC_WARN_UNUSED_FUNCTION = YES;
				GCC_WARN_UNUSED_VARIABLE = YES;
				IPHONEOS_DEPLOYMENT_TARGET = 8.0;
				MTL_ENABLE_DEBUG_INFO = NO;
				SDKROOT = iphoneos;
				SWIFT_OPTIMIZATION_LEVEL = "-Owholemodule";
				VALIDATE_PRODUCT = YES;
			};
			name = Release;
		};
		A49DACD61ED31AA1004378B0 /* Debug */ = {
			isa = XCBuildConfiguration;
			baseConfigurationReference = E324F7939661CEC7045626AA /* Pods-LYPlayerExample.debug.xcconfig */;
			buildSettings = {
				ASSETCATALOG_COMPILER_APPICON_NAME = AppIcon;
				"CODE_SIGN_IDENTITY[sdk=iphoneos*]" = "iPhone Developer";
				CODE_SIGN_STYLE = Automatic;
				DEVELOPMENT_TEAM = WMW74G89JH;
				INFOPLIST_FILE = LYPlayerExample/Info.plist;
				IPHONEOS_DEPLOYMENT_TARGET = 8.0;
				LD_RUNPATH_SEARCH_PATHS = "$(inherited) @executable_path/Frameworks";
				PRODUCT_BUNDLE_IDENTIFIER = com.YBL.LYPlayer;
				PRODUCT_NAME = "$(TARGET_NAME)";
				PROVISIONING_PROFILE_SPECIFIER = "";
				SWIFT_VERSION = 3.0;
			};
			name = Debug;
		};
		A49DACD71ED31AA1004378B0 /* Release */ = {
			isa = XCBuildConfiguration;
			baseConfigurationReference = 5EE2E13C210A6BAEB2CA582A /* Pods-LYPlayerExample.release.xcconfig */;
			buildSettings = {
				ASSETCATALOG_COMPILER_APPICON_NAME = AppIcon;
				"CODE_SIGN_IDENTITY[sdk=iphoneos*]" = "iPhone Developer";
				CODE_SIGN_STYLE = Automatic;
				DEVELOPMENT_TEAM = WMW74G89JH;
				INFOPLIST_FILE = LYPlayerExample/Info.plist;
				IPHONEOS_DEPLOYMENT_TARGET = 8.0;
				LD_RUNPATH_SEARCH_PATHS = "$(inherited) @executable_path/Frameworks";
				PRODUCT_BUNDLE_IDENTIFIER = com.YBL.LYPlayer;
				PRODUCT_NAME = "$(TARGET_NAME)";
				PROVISIONING_PROFILE_SPECIFIER = "";
				SWIFT_VERSION = 3.0;
			};
			name = Release;
		};
/* End XCBuildConfiguration section */

/* Begin XCConfigurationList section */
		A49DACBE1ED31AA1004378B0 /* Build configuration list for PBXProject "LYPlayerExample" */ = {
			isa = XCConfigurationList;
			buildConfigurations = (
				A49DACD31ED31AA1004378B0 /* Debug */,
				A49DACD41ED31AA1004378B0 /* Release */,
			);
			defaultConfigurationIsVisible = 0;
			defaultConfigurationName = Release;
		};
		A49DACD51ED31AA1004378B0 /* Build configuration list for PBXNativeTarget "LYPlayerExample" */ = {
			isa = XCConfigurationList;
			buildConfigurations = (
				A49DACD61ED31AA1004378B0 /* Debug */,
				A49DACD71ED31AA1004378B0 /* Release */,
			);
			defaultConfigurationIsVisible = 0;
			defaultConfigurationName = Release;
		};
/* End XCConfigurationList section */
	};
	rootObject = A49DACBB1ED31AA1004378B0 /* Project object */;
}
